
Microsoft Visual Studio Solution File, Format Version 12.00
# Visual Studio Version 17
VisualStudioVersion = 17.7.34024.191
MinimumVisualStudioVersion = 10.0.40219.1
Project("{2150E333-8FDC-42A3-9474-1A3956D46DE8}") = "Core", "Core", "{4DBB73E5-5DC7-4500-9FF8-A33BA3C36AA1}"
EndProject
Project("{9A19103F-16F7-4668-BE54-9A1E7A4F7556}") = "Y2Downloader.Common", "..\src\Core\Y2Downloader.Common\Y2Downloader.Common.csproj", "{63591B4E-2A53-46CB-9813-DD3110D36E68}"
EndProject
Project("{9A19103F-16F7-4668-BE54-9A1E7A4F7556}") = "Y2Downloader.LinkReader.Disc", "..\src\Core\Y2Downloader.LinkReader.Disc\Y2Downloader.LinkReader.Disc.csproj", "{D4A4B0B7-BF62-44FD-BD56-4BBC5825D404}"
EndProject
Project("{9A19103F-16F7-4668-BE54-9A1E7A4F7556}") = "Y2Downloader.Logger.Disc", "..\src\Core\Y2Downloader.Logger.Disc\Y2Downloader.Logger.Disc.csproj", "{29F6A22F-B52F-4EAE-89C0-E31F4F623C07}"
EndProject
Project("{9A19103F-16F7-4668-BE54-9A1E7A4F7556}") = "Y2Downloader", "..\src\Y2Downloader\Y2Downloader.csproj", "{2AB204DC-F435-47D3-ACF0-9EA316F28459}"
EndProject
Project("{9A19103F-16F7-4668-BE54-9A1E7A4F7556}") = "Y2Downloader.ConsoleHost", "..\src\Y2Downloader.ConsoleHost\Y2Downloader.ConsoleHost.csproj", "{E5C3DB8B-FD42-4678-B75C-31F236BA59C3}"
EndProject
Project("{9A19103F-16F7-4668-BE54-9A1E7A4F7556}") = "Y2Downloader.IoC.MicrosoftDi", "..\src\Y2Downloader.IoC.MicrosoftDi\Y2Downloader.IoC.MicrosoftDi.csproj", "{C9E629D0-A46C-4F87-B0A9-280B821A3B15}"
EndProject
Project("{9A19103F-16F7-4668-BE54-9A1E7A4F7556}") = "Y2Downloader.Mp3Downloader.Experimental", "..\src\Core\Y2Downloader.Mp3Downloader.Experimental\Y2Downloader.Mp3Downloader.Experimental.csproj", "{57FA37F5-804D-4264-A5AE-F0755037B6A9}"
EndProject
Project("{2150E333-8FDC-42A3-9474-1A3956D46DE8}") = "Tests", "Tests", "{62281B75-671D-4E82-AA9F-16918623426F}"
EndProject
Project("{FAE04EC0-301F-11D3-BF4B-00C04F79EFBC}") = "ExperimentalMediaDownloader.IntegrationTests", "..\test\ExperimentalMediaDownloader.IntegrationTests\ExperimentalMediaDownloader.IntegrationTests.csproj", "{EDAFF7E4-15CC-4FD7-9A2B-9F7FEDCAE737}"
EndProject
Global
	GlobalSection(SolutionConfigurationPlatforms) = preSolution
		Debug|Any CPU = Debug|Any CPU
		Release|Any CPU = Release|Any CPU
	EndGlobalSection
	GlobalSection(ProjectConfigurationPlatforms) = postSolution
		{63591B4E-2A53-46CB-9813-DD3110D36E68}.Debug|Any CPU.ActiveCfg = Debug|Any CPU
		{63591B4E-2A53-46CB-9813-DD3110D36E68}.Debug|Any CPU.Build.0 = Debug|Any CPU
		{63591B4E-2A53-46CB-9813-DD3110D36E68}.Release|Any CPU.ActiveCfg = Release|Any CPU
		{63591B4E-2A53-46CB-9813-DD3110D36E68}.Release|Any CPU.Build.0 = Release|Any CPU
		{D4A4B0B7-BF62-44FD-BD56-4BBC5825D404}.Debug|Any CPU.ActiveCfg = Debug|Any CPU
		{D4A4B0B7-BF62-44FD-BD56-4BBC5825D404}.Debug|Any CPU.Build.0 = Debug|Any CPU
		{D4A4B0B7-BF62-44FD-BD56-4BBC5825D404}.Release|Any CPU.ActiveCfg = Release|Any CPU
		{D4A4B0B7-BF62-44FD-BD56-4BBC5825D404}.Release|Any CPU.Build.0 = Release|Any CPU
		{29F6A22F-B52F-4EAE-89C0-E31F4F623C07}.Debug|Any CPU.ActiveCfg = Debug|Any CPU
		{29F6A22F-B52F-4EAE-89C0-E31F4F623C07}.Debug|Any CPU.Build.0 = Debug|Any CPU
		{29F6A22F-B52F-4EAE-89C0-E31F4F623C07}.Release|Any CPU.ActiveCfg = Release|Any CPU
		{29F6A22F-B52F-4EAE-89C0-E31F4F623C07}.Release|Any CPU.Build.0 = Release|Any CPU
		{2AB204DC-F435-47D3-ACF0-9EA316F28459}.Debug|Any CPU.ActiveCfg = Debug|Any CPU
		{2AB204DC-F435-47D3-ACF0-9EA316F28459}.Debug|Any CPU.Build.0 = Debug|Any CPU
		{2AB204DC-F435-47D3-ACF0-9EA316F28459}.Release|Any CPU.ActiveCfg = Release|Any CPU
		{2AB204DC-F435-47D3-ACF0-9EA316F28459}.Release|Any CPU.Build.0 = Release|Any CPU
		{E5C3DB8B-FD42-4678-B75C-31F236BA59C3}.Debug|Any CPU.ActiveCfg = Debug|Any CPU
		{E5C3DB8B-FD42-4678-B75C-31F236BA59C3}.Debug|Any CPU.Build.0 = Debug|Any CPU
		{E5C3DB8B-FD42-4678-B75C-31F236BA59C3}.Release|Any CPU.ActiveCfg = Release|Any CPU
		{E5C3DB8B-FD42-4678-B75C-31F236BA59C3}.Release|Any CPU.Build.0 = Release|Any CPU
		{C9E629D0-A46C-4F87-B0A9-280B821A3B15}.Debug|Any CPU.ActiveCfg = Debug|Any CPU
		{C9E629D0-A46C-4F87-B0A9-280B821A3B15}.Debug|Any CPU.Build.0 = Debug|Any CPU
		{C9E629D0-A46C-4F87-B0A9-280B821A3B15}.Release|Any CPU.ActiveCfg = Release|Any CPU
		{C9E629D0-A46C-4F87-B0A9-280B821A3B15}.Release|Any CPU.Build.0 = Release|Any CPU
		{57FA37F5-804D-4264-A5AE-F0755037B6A9}.Debug|Any CPU.ActiveCfg = Debug|Any CPU
		{57FA37F5-804D-4264-A5AE-F0755037B6A9}.Debug|Any CPU.Build.0 = Debug|Any CPU
		{57FA37F5-804D-4264-A5AE-F0755037B6A9}.Release|Any CPU.ActiveCfg = Release|Any CPU
		{57FA37F5-804D-4264-A5AE-F0755037B6A9}.Release|Any CPU.Build.0 = Release|Any CPU
		{EDAFF7E4-15CC-4FD7-9A2B-9F7FEDCAE737}.Debug|Any CPU.ActiveCfg = Debug|Any CPU
		{EDAFF7E4-15CC-4FD7-9A2B-9F7FEDCAE737}.Debug|Any CPU.Build.0 = Debug|Any CPU
		{EDAFF7E4-15CC-4FD7-9A2B-9F7FEDCAE737}.Release|Any CPU.ActiveCfg = Release|Any CPU
		{EDAFF7E4-15CC-4FD7-9A2B-9F7FEDCAE737}.Release|Any CPU.Build.0 = Release|Any CPU
	EndGlobalSection
	GlobalSection(SolutionProperties) = preSolution
		HideSolutionNode = FALSE
	EndGlobalSection
	GlobalSection(NestedProjects) = preSolution
		{63591B4E-2A53-46CB-9813-DD3110D36E68} = {4DBB73E5-5DC7-4500-9FF8-A33BA3C36AA1}
		{D4A4B0B7-BF62-44FD-BD56-4BBC5825D404} = {4DBB73E5-5DC7-4500-9FF8-A33BA3C36AA1}
		{29F6A22F-B52F-4EAE-89C0-E31F4F623C07} = {4DBB73E5-5DC7-4500-9FF8-A33BA3C36AA1}
		{57FA37F5-804D-4264-A5AE-F0755037B6A9} = {4DBB73E5-5DC7-4500-9FF8-A33BA3C36AA1}
		{EDAFF7E4-15CC-4FD7-9A2B-9F7FEDCAE737} = {62281B75-671D-4E82-AA9F-16918623426F}
	EndGlobalSection
	GlobalSection(ExtensibilityGlobals) = postSolution
		SolutionGuid = {7B95EF55-7838-418B-BEC8-D3F32D9433BA}
	EndGlobalSection
EndGlobal
